
Microsoft Visual Studio Solution File, Format Version 12.00
# Visual Studio 15
VisualStudioVersion = 15.0.28307.1800
MinimumVisualStudioVersion = 10.0.40219.1
Project("{FAE04EC0-301F-11D3-BF4B-00C04F79EFBC}") = "cgDocs", "cgDocs\cgDocs.csproj", "{397DF950-D5F7-423B-9269-5F4C269F534B}"
EndProject
Global
	GlobalSection(SolutionConfigurationPlatforms) = preSolution
		Debug|Any CPU = Debug|Any CPU
		Release|Any CPU = Release|Any CPU
	EndGlobalSection
	GlobalSection(ProjectConfigurationPlatforms) = postSolution
		{397DF950-D5F7-423B-9269-5F4C269F534B}.Debug|Any CPU.ActiveCfg = Debug|Any CPU
		{397DF950-D5F7-423B-9269-5F4C269F534B}.Debug|Any CPU.Build.0 = Debug|Any CPU
		{397DF950-D5F7-423B-9269-5F4C269F534B}.Release|Any CPU.ActiveCfg = Release|Any CPU
		{397DF950-D5F7-423B-9269-5F4C269F534B}.Release|Any CPU.Build.0 = Release|Any CPU
	EndGlobalSection
	GlobalSection(SolutionProperties) = preSolution
		HideSolutionNode = FALSE
	EndGlobalSection
	GlobalSection(ExtensibilityGlobals) = postSolution
		SolutionGuid = {C7F6B101-2961-4F4D-BA99-2C585F5032EB}
	EndGlobalSection
EndGlobal
